
Microsoft Visual Studio Solution File, Format Version 12.00
# Visual Studio Version 16
VisualStudioVersion = 16.0.30330.147
MinimumVisualStudioVersion = 10.0.40219.1
Project("{FAE04EC0-301F-11D3-BF4B-00C04F79EFBC}") = "Courier", "Courier\Courier.csproj", "{4DD2F80F-1D74-4BC1-A03D-650AF9045CCF}"
EndProject
Project("{FAE04EC0-301F-11D3-BF4B-00C04F79EFBC}") = "Courier.Unit.Tests", "Courier.Unit.Tests\Courier.Unit.Tests.csproj", "{9DC90BA1-F02A-47A9-B3D8-E9E8E6941C6B}"
EndProject
Global
	GlobalSection(SolutionConfigurationPlatforms) = preSolution
		Debug|Any CPU = Debug|Any CPU
		Release|Any CPU = Release|Any CPU
	EndGlobalSection
	GlobalSection(ProjectConfigurationPlatforms) = postSolution
		{4DD2F80F-1D74-4BC1-A03D-650AF9045CCF}.Debug|Any CPU.ActiveCfg = Debug|Any CPU
		{4DD2F80F-1D74-4BC1-A03D-650AF9045CCF}.Debug|Any CPU.Build.0 = Debug|Any CPU
		{4DD2F80F-1D74-4BC1-A03D-650AF9045CCF}.Release|Any CPU.ActiveCfg = Release|Any CPU
		{4DD2F80F-1D74-4BC1-A03D-650AF9045CCF}.Release|Any CPU.Build.0 = Release|Any CPU
		{9DC90BA1-F02A-47A9-B3D8-E9E8E6941C6B}.Debug|Any CPU.ActiveCfg = Debug|Any CPU
		{9DC90BA1-F02A-47A9-B3D8-E9E8E6941C6B}.Debug|Any CPU.Build.0 = Debug|Any CPU
		{9DC90BA1-F02A-47A9-B3D8-E9E8E6941C6B}.Release|Any CPU.ActiveCfg = Release|Any CPU
		{9DC90BA1-F02A-47A9-B3D8-E9E8E6941C6B}.Release|Any CPU.Build.0 = Release|Any CPU
	EndGlobalSection
	GlobalSection(SolutionProperties) = preSolution
		HideSolutionNode = FALSE
	EndGlobalSection
	GlobalSection(ExtensibilityGlobals) = postSolution
		SolutionGuid = {94560FBE-DDD2-46B3-B32E-D224BCE41531}
	EndGlobalSection
EndGlobal
